
Microsoft Visual Studio Solution File, Format Version 12.00
# Visual Studio Version 17
VisualStudioVersion = 17.9.34622.214
MinimumVisualStudioVersion = 10.0.40219.1
Project("{9A19103F-16F7-4668-BE54-9A1E7A4F7556}") = "RobotApp", "RobotApp\RobotApp.csproj", "{0B70D787-438C-456F-899E-48EF32038923}"
EndProject
Project("{9A19103F-16F7-4668-BE54-9A1E7A4F7556}") = "RobotApp.Models", "RobotApp.Models\RobotApp.Models.csproj", "{C9B75E26-D712-4027-8198-E6CF8705A53F}"
EndProject
Project("{9A19103F-16F7-4668-BE54-9A1E7A4F7556}") = "RobotApp.Utils", "RobotApp.Utils\RobotApp.Utils.csproj", "{06ADB061-EAF7-4BA7-94F6-D730F46F599C}"
EndProject
Project("{9A19103F-16F7-4668-BE54-9A1E7A4F7556}") = "RobotApp.Tests", "RobotApp.Tests\RobotApp.Tests.csproj", "{66A58A59-B5DC-429E-8C99-CF54804492E6}"
EndProject
Project("{FAE04EC0-301F-11D3-BF4B-00C04F79EFBC}") = "RobotApp.Logic", "RobotApp.Logic\RobotApp.Logic.csproj", "{A2026A37-0628-4D23-B6D7-D89AAE3280CD}"
EndProject
Global
	GlobalSection(SolutionConfigurationPlatforms) = preSolution
		Debug|Any CPU = Debug|Any CPU
		Release|Any CPU = Release|Any CPU
	EndGlobalSection
	GlobalSection(ProjectConfigurationPlatforms) = postSolution
		{0B70D787-438C-456F-899E-48EF32038923}.Debug|Any CPU.ActiveCfg = Debug|Any CPU
		{0B70D787-438C-456F-899E-48EF32038923}.Debug|Any CPU.Build.0 = Debug|Any CPU
		{0B70D787-438C-456F-899E-48EF32038923}.Release|Any CPU.ActiveCfg = Release|Any CPU
		{0B70D787-438C-456F-899E-48EF32038923}.Release|Any CPU.Build.0 = Release|Any CPU
		{C9B75E26-D712-4027-8198-E6CF8705A53F}.Debug|Any CPU.ActiveCfg = Debug|Any CPU
		{C9B75E26-D712-4027-8198-E6CF8705A53F}.Debug|Any CPU.Build.0 = Debug|Any CPU
		{C9B75E26-D712-4027-8198-E6CF8705A53F}.Release|Any CPU.ActiveCfg = Release|Any CPU
		{C9B75E26-D712-4027-8198-E6CF8705A53F}.Release|Any CPU.Build.0 = Release|Any CPU
		{06ADB061-EAF7-4BA7-94F6-D730F46F599C}.Debug|Any CPU.ActiveCfg = Debug|Any CPU
		{06ADB061-EAF7-4BA7-94F6-D730F46F599C}.Debug|Any CPU.Build.0 = Debug|Any CPU
		{06ADB061-EAF7-4BA7-94F6-D730F46F599C}.Release|Any CPU.ActiveCfg = Release|Any CPU
		{06ADB061-EAF7-4BA7-94F6-D730F46F599C}.Release|Any CPU.Build.0 = Release|Any CPU
		{66A58A59-B5DC-429E-8C99-CF54804492E6}.Debug|Any CPU.ActiveCfg = Debug|Any CPU
		{66A58A59-B5DC-429E-8C99-CF54804492E6}.Debug|Any CPU.Build.0 = Debug|Any CPU
		{66A58A59-B5DC-429E-8C99-CF54804492E6}.Release|Any CPU.ActiveCfg = Release|Any CPU
		{66A58A59-B5DC-429E-8C99-CF54804492E6}.Release|Any CPU.Build.0 = Release|Any CPU
		{A2026A37-0628-4D23-B6D7-D89AAE3280CD}.Debug|Any CPU.ActiveCfg = Debug|Any CPU
		{A2026A37-0628-4D23-B6D7-D89AAE3280CD}.Debug|Any CPU.Build.0 = Debug|Any CPU
		{A2026A37-0628-4D23-B6D7-D89AAE3280CD}.Release|Any CPU.ActiveCfg = Release|Any CPU
		{A2026A37-0628-4D23-B6D7-D89AAE3280CD}.Release|Any CPU.Build.0 = Release|Any CPU
	EndGlobalSection
	GlobalSection(SolutionProperties) = preSolution
		HideSolutionNode = FALSE
	EndGlobalSection
	GlobalSection(ExtensibilityGlobals) = postSolution
		SolutionGuid = {5E45A799-C162-4E55-B63F-1FBDBC1916C2}
	EndGlobalSection
EndGlobal
